// !$*UTF8*$!
{
	archiveVersion = 1;
	classes = {
	};
	objectVersion = 46;
	objects = {

/* Begin PBXBuildFile section */
		5FCABEC01AC9418000315003 /* main.m in Sources */ = {isa = PBXBuildFile; fileRef = 5FCABEBF1AC9418000315003 /* main.m */; };
		5FCABEC31AC9418000315003 /* AppDelegate.m in Sources */ = {isa = PBXBuildFile; fileRef = 5FCABEC21AC9418000315003 /* AppDelegate.m */; };
		5FCABEC61AC9418000315003 /* ViewController.m in Sources */ = {isa = PBXBuildFile; fileRef = 5FCABEC51AC9418000315003 /* ViewController.m */; };
		5FCABEC91AC9418000315003 /* Main.storyboard in Resources */ = {isa = PBXBuildFile; fileRef = 5FCABEC71AC9418000315003 /* Main.storyboard */; };
		5FCABECB1AC9418000315003 /* Images.xcassets in Resources */ = {isa = PBXBuildFile; fileRef = 5FCABECA1AC9418000315003 /* Images.xcassets */; };
		5FCABECE1AC9418000315003 /* LaunchScreen.xib in Resources */ = {isa = PBXBuildFile; fileRef = 5FCABECC1AC9418000315003 /* LaunchScreen.xib */; };
		5FCABEDA1AC9418000315003 /* animationTests.m in Sources */ = {isa = PBXBuildFile; fileRef = 5FCABED91AC9418000315003 /* animationTests.m */; };
		5FCABEE51AC94D0C00315003 /* tank.png in Resources */ = {isa = PBXBuildFile; fileRef = 5FCABEE41AC94D0C00315003 /* tank.png */; };
/* End PBXBuildFile section */

/* Begin PBXContainerItemProxy section */
		5FCABED41AC9418000315003 /* PBXContainerItemProxy */ = {
			isa = PBXContainerItemProxy;
			containerPortal = 5FCABEB21AC9418000315003 /* Project object */;
			proxyType = 1;
			remoteGlobalIDString = 5FCABEB91AC9418000315003;
			remoteInfo = animation;
		};
/* End PBXContainerItemProxy section */

/* Begin PBXFileReference section */
		5FCABEBA1AC9418000315003 /* animation.app */ = {isa = PBXFileReference; explicitFileType = wrapper.application; includeInIndex = 0; path = animation.app; sourceTree = BUILT_PRODUCTS_DIR; };
		5FCABEBE1AC9418000315003 /* Info.plist */ = {isa = PBXFileReference; lastKnownFileType = text.plist.xml; path = Info.plist; sourceTree = "<group>"; };
		5FCABEBF1AC9418000315003 /* main.m */ = {isa = PBXFileReference; lastKnownFileType = sourcecode.c.objc; path = main.m; sourceTree = "<group>"; };
		5FCABEC11AC9418000315003 /* AppDelegate.h */ = {isa = PBXFileReference; lastKnownFileType = sourcecode.c.h; path = AppDelegate.h; sourceTree = "<group>"; };
		5FCABEC21AC9418000315003 /* AppDelegate.m */ = {isa = PBXFileReference; lastKnownFileType = sourcecode.c.objc; path = AppDelegate.m; sourceTree = "<group>"; };
		5FCABEC41AC9418000315003 /* ViewController.h */ = {isa = PBXFileReference; lastKnownFileType = sourcecode.c.h; path = ViewController.h; sourceTree = "<group>"; };
		5FCABEC51AC9418000315003 /* ViewController.m */ = {isa = PBXFileReference; lastKnownFileType = sourcecode.c.objc; path = ViewController.m; sourceTree = "<group>"; };
		5FCABEC81AC9418000315003 /* Base */ = {isa = PBXFileReference; lastKnownFileType = file.storyboard; name = Base; path = Base.lproj/Main.storyboard; sourceTree = "<group>"; };
		5FCABECA1AC9418000315003 /* Images.xcassets */ = {isa = PBXFileReference; lastKnownFileType = folder.assetcatalog; path = Images.xcassets; sourceTree = "<group>"; };
		5FCABECD1AC9418000315003 /* Base */ = {isa = PBXFileReference; lastKnownFileType = file.xib; name = Base; path = Base.lproj/LaunchScreen.xib; sourceTree = "<group>"; };
		5FCABED31AC9418000315003 /* animationTests.xctest */ = {isa = PBXFileReference; explicitFileType = wrapper.cfbundle; includeInIndex = 0; path = animationTests.xctest; sourceTree = BUILT_PRODUCTS_DIR; };
		5FCABED81AC9418000315003 /* Info.plist */ = {isa = PBXFileReference; lastKnownFileType = text.plist.xml; path = Info.plist; sourceTree = "<group>"; };
		5FCABED91AC9418000315003 /* animationTests.m */ = {isa = PBXFileReference; lastKnownFileType = sourcecode.c.objc; path = animationTests.m; sourceTree = "<group>"; };
		5FCABEE41AC94D0C00315003 /* tank.png */ = {isa = PBXFileReference; lastKnownFileType = image.png; name = tank.png; path = Assets/tank.png; sourceTree = "<group>"; };
/* End PBXFileReference section */

/* Begin PBXFrameworksBuildPhase section */
		5FCABEB71AC9418000315003 /* Frameworks */ = {
			isa = PBXFrameworksBuildPhase;
			buildActionMask = 2147483647;
			files = (
			);
			runOnlyForDeploymentPostprocessing = 0;
		};
		5FCABED01AC9418000315003 /* Frameworks */ = {
			isa = PBXFrameworksBuildPhase;
			buildActionMask = 2147483647;
			files = (
			);
			runOnlyForDeploymentPostprocessing = 0;
		};
/* End PBXFrameworksBuildPhase section */

/* Begin PBXGroup section */
		5FCABEB11AC9418000315003 = {
			isa = PBXGroup;
			children = (
				5FCABEBC1AC9418000315003 /* animation */,
				5FCABED61AC9418000315003 /* animationTests */,
				5FCABEBB1AC9418000315003 /* Products */,
			);
			sourceTree = "<group>";
		};
		5FCABEBB1AC9418000315003 /* Products */ = {
			isa = PBXGroup;
			children = (
				5FCABEBA1AC9418000315003 /* animation.app */,
				5FCABED31AC9418000315003 /* animationTests.xctest */,
			);
			name = Products;
			sourceTree = "<group>";
		};
		5FCABEBC1AC9418000315003 /* animation */ = {
			isa = PBXGroup;
			children = (
				5FCABEE31AC94CF200315003 /* Assets */,
				5FCABEC11AC9418000315003 /* AppDelegate.h */,
				5FCABEC21AC9418000315003 /* AppDelegate.m */,
				5FCABEC41AC9418000315003 /* ViewController.h */,
				5FCABEC51AC9418000315003 /* ViewController.m */,
				5FCABEC71AC9418000315003 /* Main.storyboard */,
				5FCABECA1AC9418000315003 /* Images.xcassets */,
				5FCABECC1AC9418000315003 /* LaunchScreen.xib */,
				5FCABEBD1AC9418000315003 /* Supporting Files */,
			);
			path = animation;
			sourceTree = "<group>";
		};
		5FCABEBD1AC9418000315003 /* Supporting Files */ = {
			isa = PBXGroup;
			children = (
				5FCABEBE1AC9418000315003 /* Info.plist */,
				5FCABEBF1AC9418000315003 /* main.m */,
			);
			name = "Supporting Files";
			sourceTree = "<group>";
		};
		5FCABED61AC9418000315003 /* animationTests */ = {
			isa = PBXGroup;
			children = (
				5FCABED91AC9418000315003 /* animationTests.m */,
				5FCABED71AC9418000315003 /* Supporting Files */,
			);
			path = animationTests;
			sourceTree = "<group>";
		};
		5FCABED71AC9418000315003 /* Supporting Files */ = {
			isa = PBXGroup;
			children = (
				5FCABED81AC9418000315003 /* Info.plist */,
			);
			name = "Supporting Files";
			sourceTree = "<group>";
		};
		5FCABEE31AC94CF200315003 /* Assets */ = {
			isa = PBXGroup;
			children = (
				5FCABEE41AC94D0C00315003 /* tank.png */,
			);
			name = Assets;
			sourceTree = "<group>";
		};
/* End PBXGroup section */

/* Begin PBXNativeTarget section */
		5FCABEB91AC9418000315003 /* animation */ = {
			isa = PBXNativeTarget;
			buildConfigurationList = 5FCABEDD1AC9418000315003 /* Build configuration list for PBXNativeTarget "animation" */;
			buildPhases = (
				5FCABEB61AC9418000315003 /* Sources */,
				5FCABEB71AC9418000315003 /* Frameworks */,
				5FCABEB81AC9418000315003 /* Resources */,
			);
			buildRules = (
			);
			dependencies = (
			);
			name = animation;
			productName = animation;
			productReference = 5FCABEBA1AC9418000315003 /* animation.app */;
			productType = "com.apple.product-type.application";
		};
		5FCABED21AC9418000315003 /* animationTests */ = {
			isa = PBXNativeTarget;
			buildConfigurationList = 5FCABEE01AC9418000315003 /* Build configuration list for PBXNativeTarget "animationTests" */;
			buildPhases = (
				5FCABECF1AC9418000315003 /* Sources */,
				5FCABED01AC9418000315003 /* Frameworks */,
				5FCABED11AC9418000315003 /* Resources */,
			);
			buildRules = (
			);
			dependencies = (
				5FCABED51AC9418000315003 /* PBXTargetDependency */,
			);
			name = animationTests;
			productName = animationTests;
			productReference = 5FCABED31AC9418000315003 /* animationTests.xctest */;
			productType = "com.apple.product-type.bundle.unit-test";
		};
/* End PBXNativeTarget section */

/* Begin PBXProject section */
		5FCABEB21AC9418000315003 /* Project object */ = {
			isa = PBXProject;
			attributes = {
				LastUpgradeCheck = 0610;
				ORGANIZATIONNAME = RG;
				TargetAttributes = {
					5FCABEB91AC9418000315003 = {
						CreatedOnToolsVersion = 6.1;
					};
					5FCABED21AC9418000315003 = {
						CreatedOnToolsVersion = 6.1;
						TestTargetID = 5FCABEB91AC9418000315003;
					};
				};
			};
			buildConfigurationList = 5FCABEB51AC9418000315003 /* Build configuration list for PBXProject "animation" */;
			compatibilityVersion = "Xcode 3.2";
			developmentRegion = English;
			hasScannedForEncodings = 0;
			knownRegions = (
				en,
				Base,
			);
			mainGroup = 5FCABEB11AC9418000315003;
			productRefGroup = 5FCABEBB1AC9418000315003 /* Products */;
			projectDirPath = "";
			projectRoot = "";
			targets = (
				5FCABEB91AC9418000315003 /* animation */,
				5FCABED21AC9418000315003 /* animationTests */,
			);
		};
/* End PBXProject section */

/* Begin PBXResourcesBuildPhase section */
		5FCABEB81AC9418000315003 /* Resources */ = {
			isa = PBXResourcesBuildPhase;
			buildActionMask = 2147483647;
			files = (
				5FCABEC91AC9418000315003 /* Main.storyboard in Resources */,
				5FCABEE51AC94D0C00315003 /* tank.png in Resources */,
				5FCABECE1AC9418000315003 /* LaunchScreen.xib in Resources */,
				5FCABECB1AC9418000315003 /* Images.xcassets in Resources */,
			);
			runOnlyForDeploymentPostprocessing = 0;
		};
		5FCABED11AC9418000315003 /* Resources */ = {
			isa = PBXResourcesBuildPhase;
			buildActionMask = 2147483647;
			files = (
			);
			runOnlyForDeploymentPostprocessing = 0;
		};
/* End PBXResourcesBuildPhase section */

/* Begin PBXSourcesBuildPhase section */
		5FCABEB61AC9418000315003 /* Sources */ = {
			isa = PBXSourcesBuildPhase;
			buildActionMask = 2147483647;
			files = (
				5FCABEC61AC9418000315003 /* ViewController.m in Sources */,
				5FCABEC31AC9418000315003 /* AppDelegate.m in Sources */,
				5FCABEC01AC9418000315003 /* main.m in Sources */,
			);
			runOnlyForDeploymentPostprocessing = 0;
		};
		5FCABECF1AC9418000315003 /* Sources */ = {
			isa = PBXSourcesBuildPhase;
			buildActionMask = 2147483647;
			files = (
				5FCABEDA1AC9418000315003 /* animationTests.m in Sources */,
			);
			runOnlyForDeploymentPostprocessing = 0;
		};
/* End PBXSourcesBuildPhase section */

/* Begin PBXTargetDependency section */
		5FCABED51AC9418000315003 /* PBXTargetDependency */ = {
			isa = PBXTargetDependency;
			target = 5FCABEB91AC9418000315003 /* animation */;
			targetProxy = 5FCABED41AC9418000315003 /* PBXContainerItemProxy */;
		};
/* End PBXTargetDependency section */

/* Begin PBXVariantGroup section */
		5FCABEC71AC9418000315003 /* Main.storyboard */ = {
			isa = PBXVariantGroup;
			children = (
				5FCABEC81AC9418000315003 /* Base */,
			);
			name = Main.storyboard;
			sourceTree = "<group>";
		};
		5FCABECC1AC9418000315003 /* LaunchScreen.xib */ = {
			isa = PBXVariantGroup;
			children = (
				5FCABECD1AC9418000315003 /* Base */,
			);
			name = LaunchScreen.xib;
			sourceTree = "<group>";
		};
/* End PBXVariantGroup section */

/* Begin XCBuildConfiguration section */
		5FCABEDB1AC9418000315003 /* Debug */ = {
			isa = XCBuildConfiguration;
			buildSettings = {
				ALWAYS_SEARCH_USER_PATHS = NO;
				CLANG_CXX_LANGUAGE_STANDARD = "gnu++0x";
				CLANG_CXX_LIBRARY = "libc++";
				CLANG_ENABLE_MODULES = YES;
				CLANG_ENABLE_OBJC_ARC = YES;
				CLANG_WARN_BOOL_CONVERSION = YES;
				CLANG_WARN_CONSTANT_CONVERSION = YES;
				CLANG_WARN_DIRECT_OBJC_ISA_USAGE = YES_ERROR;
				CLANG_WARN_EMPTY_BODY = YES;
				CLANG_WARN_ENUM_CONVERSION = YES;
				CLANG_WARN_INT_CONVERSION = YES;
				CLANG_WARN_OBJC_ROOT_CLASS = YES_ERROR;
				CLANG_WARN_UNREACHABLE_CODE = YES;
				CLANG_WARN__DUPLICATE_METHOD_MATCH = YES;
				"CODE_SIGN_IDENTITY[sdk=iphoneos*]" = "iPhone Developer";
				COPY_PHASE_STRIP = NO;
				ENABLE_STRICT_OBJC_MSGSEND = YES;
				GCC_C_LANGUAGE_STANDARD = gnu99;
				GCC_DYNAMIC_NO_PIC = NO;
				GCC_OPTIMIZATION_LEVEL = 0;
				GCC_PREPROCESSOR_DEFINITIONS = (
					"DEBUG=1",
					"$(inherited)",
				);
				GCC_SYMBOLS_PRIVATE_EXTERN = NO;
				GCC_WARN_64_TO_32_BIT_CONVERSION = YES;
				GCC_WARN_ABOUT_RETURN_TYPE = YES_ERROR;
				GCC_WARN_UNDECLARED_SELECTOR = YES;
				GCC_WARN_UNINITIALIZED_AUTOS = YES_AGGRESSIVE;
				GCC_WARN_UNUSED_FUNCTION = YES;
				GCC_WARN_UNUSED_VARIABLE = YES;
				IPHONEOS_DEPLOYMENT_TARGET = 8.1;
				MTL_ENABLE_DEBUG_INFO = YES;
				ONLY_ACTIVE_ARCH = YES;
				SDKROOT = iphoneos;
				TARGETED_DEVICE_FAMILY = "1,2";
			};
			name = Debug;
		};
		5FCABEDC1AC9418000315003 /* Release */ = {
			isa = XCBuildConfiguration;
			buildSettings = {
				ALWAYS_SEARCH_USER_PATHS = NO;
				CLANG_CXX_LANGUAGE_STANDARD = "gnu++0x";
				CLANG_CXX_LIBRARY = "libc++";
				CLANG_ENABLE_MODULES = YES;
				CLANG_ENABLE_OBJC_ARC = YES;
				CLANG_WARN_BOOL_CONVERSION = YES;
				CLANG_WARN_CONSTANT_CONVERSION = YES;
				CLANG_WARN_DIRECT_OBJC_ISA_USAGE = YES_ERROR;
				CLANG_WARN_EMPTY_BODY = YES;
				CLANG_WARN_ENUM_CONVERSION = YES;
				CLANG_WARN_INT_CONVERSION = YES;
				CLANG_WARN_OBJC_ROOT_CLASS = YES_ERROR;
				CLANG_WARN_UNREACHABLE_CODE = YES;
				CLANG_WARN__DUPLICATE_METHOD_MATCH = YES;
				"CODE_SIGN_IDENTITY[sdk=iphoneos*]" = "iPhone Developer";
				COPY_PHASE_STRIP = YES;
				ENABLE_NS_ASSERTIONS = NO;
				ENABLE_STRICT_OBJC_MSGSEND = YES;
				GCC_C_LANGUAGE_STANDARD = gnu99;
				GCC_WARN_64_TO_32_BIT_CONVERSION = YES;
				GCC_WARN_ABOUT_RETURN_TYPE = YES_ERROR;
				GCC_WARN_UNDECLARED_SELECTOR = YES;
				GCC_WARN_UNINITIALIZED_AUTOS = YES_AGGRESSIVE;
				GCC_WARN_UNUSED_FUNCTION = YES;
				GCC_WARN_UNUSED_VARIABLE = YES;
				IPHONEOS_DEPLOYMENT_TARGET = 8.1;
				MTL_ENABLE_DEBUG_INFO = NO;
				SDKROOT = iphoneos;
				TARGETED_DEVICE_FAMILY = "1,2";
				VALIDATE_PRODUCT = YES;
			};
			name = Release;
		};
		5FCABEDE1AC9418000315003 /* Debug */ = {
			isa = XCBuildConfiguration;
			buildSettings = {
				ASSETCATALOG_COMPILER_APPICON_NAME = AppIcon;
				INFOPLIST_FILE = animation/Info.plist;
				IPHONEOS_DEPLOYMENT_TARGET = 7.0;
				LD_RUNPATH_SEARCH_PATHS = "$(inherited) @executable_path/Frameworks";
				PRODUCT_NAME = "$(TARGET_NAME)";
			};
			name = Debug;
		};
		5FCABEDF1AC9418000315003 /* Release */ = {
			isa = XCBuildConfiguration;
			buildSettings = {
				ASSETCATALOG_COMPILER_APPICON_NAME = AppIcon;
				INFOPLIST_FILE = animation/Info.plist;
				IPHONEOS_DEPLOYMENT_TARGET = 7.0;
				LD_RUNPATH_SEARCH_PATHS = "$(inherited) @executable_path/Frameworks";
				PRODUCT_NAME = "$(TARGET_NAME)";
			};
			name = Release;
		};
		5FCABEE11AC9418000315003 /* Debug */ = {
			isa = XCBuildConfiguration;
			buildSettings = {
				BUNDLE_LOADER = "$(TEST_HOST)";
				FRAMEWORK_SEARCH_PATHS = (
					"$(SDKROOT)/Developer/Library/Frameworks",
					"$(inherited)",
				);
				GCC_PREPROCESSOR_DEFINITIONS = (
					"DEBUG=1",
					"$(inherited)",
				);
				INFOPLIST_FILE = animationTests/Info.plist;
				LD_RUNPATH_SEARCH_PATHS = "$(inherited) @executable_path/Frameworks @loader_path/Frameworks";
				PRODUCT_NAME = "$(TARGET_NAME)";
				TEST_HOST = "$(BUILT_PRODUCTS_DIR)/animation.app/animation";
			};
			name = Debug;
		};
		5FCABEE21AC9418000315003 /* Release */ = {
			isa = XCBuildConfiguration;
			buildSettings = {
				BUNDLE_LOADER = "$(TEST_HOST)";
				FRAMEWORK_SEARCH_PATHS = (
					"$(SDKROOT)/Developer/Library/Frameworks",
					"$(inherited)",
				);
				INFOPLIST_FILE = animationTests/Info.plist;
				LD_RUNPATH_SEARCH_PATHS = "$(inherited) @executable_path/Frameworks @loader_path/Frameworks";
				PRODUCT_NAME = "$(TARGET_NAME)";
				TEST_HOST = "$(BUILT_PRODUCTS_DIR)/animation.app/animation";
			};
			name = Release;
		};
/* End XCBuildConfiguration section */

/* Begin XCConfigurationList section */
		5FCABEB51AC9418000315003 /* Build configuration list for PBXProject "animation" */ = {
			isa = XCConfigurationList;
			buildConfigurations = (
				5FCABEDB1AC9418000315003 /* Debug */,
				5FCABEDC1AC9418000315003 /* Release */,
			);
			defaultConfigurationIsVisible = 0;
			defaultConfigurationName = Release;
		};
		5FCABEDD1AC9418000315003 /* Build configuration list for PBXNativeTarget "animation" */ = {
			isa = XCConfigurationList;
			buildConfigurations = (
				5FCABEDE1AC9418000315003 /* Debug */,
				5FCABEDF1AC9418000315003 /* Release */,
			);
			defaultConfigurationIsVisible = 0;
		};
		5FCABEE01AC9418000315003 /* Build configuration list for PBXNativeTarget "animationTests" */ = {
			isa = XCConfigurationList;
			buildConfigurations = (
				5FCABEE11AC9418000315003 /* Debug */,
				5FCABEE21AC9418000315003 /* Release */,
			);
			defaultConfigurationIsVisible = 0;
		};
/* End XCConfigurationList section */
	};
	rootObject = 5FCABEB21AC9418000315003 /* Project object */;
}
